
Microsoft Visual Studio Solution File, Format Version 11.00
# Visual C# Express 2010
Project("{FAE04EC0-301F-11D3-BF4B-00C04F79EFBC}") = "cs544", "cs544\cs544.csproj", "{70FF8247-6AC1-4B0A-A06F-696ABFB628AD}"
EndProject
Project("{FAE04EC0-301F-11D3-BF4B-00C04F79EFBC}") = "DES", "DES\DES.csproj", "{D2BCC444-A710-4ECF-86F7-AEA006792D72}"
EndProject
Project("{FAE04EC0-301F-11D3-BF4B-00C04F79EFBC}") = "AES", "AES\AES.csproj", "{F89853F1-F72E-40D2-8461-F26B71A36BED}"
EndProject
Project("{FAE04EC0-301F-11D3-BF4B-00C04F79EFBC}") = "NDes", "NDes\NDes.csproj", "{119A48E7-72EC-4CCE-8954-18034F66FBB4}"
EndProject
Global
	GlobalSection(SolutionConfigurationPlatforms) = preSolution
		Debug|Any CPU = Debug|Any CPU
		Debug|Mixed Platforms = Debug|Mixed Platforms
		Debug|x86 = Debug|x86
		Release|Any CPU = Release|Any CPU
		Release|Mixed Platforms = Release|Mixed Platforms
		Release|x86 = Release|x86
	EndGlobalSection
	GlobalSection(ProjectConfigurationPlatforms) = postSolution
		{70FF8247-6AC1-4B0A-A06F-696ABFB628AD}.Debug|Any CPU.ActiveCfg = Debug|x86
		{70FF8247-6AC1-4B0A-A06F-696ABFB628AD}.Debug|Mixed Platforms.ActiveCfg = Debug|x86
		{70FF8247-6AC1-4B0A-A06F-696ABFB628AD}.Debug|Mixed Platforms.Build.0 = Debug|x86
		{70FF8247-6AC1-4B0A-A06F-696ABFB628AD}.Debug|x86.ActiveCfg = Debug|x86
		{70FF8247-6AC1-4B0A-A06F-696ABFB628AD}.Debug|x86.Build.0 = Debug|x86
		{70FF8247-6AC1-4B0A-A06F-696ABFB628AD}.Release|Any CPU.ActiveCfg = Release|x86
		{70FF8247-6AC1-4B0A-A06F-696ABFB628AD}.Release|Mixed Platforms.ActiveCfg = Release|x86
		{70FF8247-6AC1-4B0A-A06F-696ABFB628AD}.Release|Mixed Platforms.Build.0 = Release|x86
		{70FF8247-6AC1-4B0A-A06F-696ABFB628AD}.Release|x86.ActiveCfg = Release|x86
		{70FF8247-6AC1-4B0A-A06F-696ABFB628AD}.Release|x86.Build.0 = Release|x86
		{D2BCC444-A710-4ECF-86F7-AEA006792D72}.Debug|Any CPU.ActiveCfg = Debug|Any CPU
		{D2BCC444-A710-4ECF-86F7-AEA006792D72}.Debug|Any CPU.Build.0 = Debug|Any CPU
		{D2BCC444-A710-4ECF-86F7-AEA006792D72}.Debug|Mixed Platforms.ActiveCfg = Debug|Any CPU
		{D2BCC444-A710-4ECF-86F7-AEA006792D72}.Debug|Mixed Platforms.Build.0 = Debug|Any CPU
		{D2BCC444-A710-4ECF-86F7-AEA006792D72}.Debug|x86.ActiveCfg = Debug|Any CPU
		{D2BCC444-A710-4ECF-86F7-AEA006792D72}.Release|Any CPU.ActiveCfg = Release|Any CPU
		{D2BCC444-A710-4ECF-86F7-AEA006792D72}.Release|Any CPU.Build.0 = Release|Any CPU
		{D2BCC444-A710-4ECF-86F7-AEA006792D72}.Release|Mixed Platforms.ActiveCfg = Release|Any CPU
		{D2BCC444-A710-4ECF-86F7-AEA006792D72}.Release|Mixed Platforms.Build.0 = Release|Any CPU
		{D2BCC444-A710-4ECF-86F7-AEA006792D72}.Release|x86.ActiveCfg = Release|Any CPU
		{F89853F1-F72E-40D2-8461-F26B71A36BED}.Debug|Any CPU.ActiveCfg = Debug|Any CPU
		{F89853F1-F72E-40D2-8461-F26B71A36BED}.Debug|Any CPU.Build.0 = Debug|Any CPU
		{F89853F1-F72E-40D2-8461-F26B71A36BED}.Debug|Mixed Platforms.ActiveCfg = Debug|Any CPU
		{F89853F1-F72E-40D2-8461-F26B71A36BED}.Debug|Mixed Platforms.Build.0 = Debug|Any CPU
		{F89853F1-F72E-40D2-8461-F26B71A36BED}.Debug|x86.ActiveCfg = Debug|Any CPU
		{F89853F1-F72E-40D2-8461-F26B71A36BED}.Release|Any CPU.ActiveCfg = Release|Any CPU
		{F89853F1-F72E-40D2-8461-F26B71A36BED}.Release|Any CPU.Build.0 = Release|Any CPU
		{F89853F1-F72E-40D2-8461-F26B71A36BED}.Release|Mixed Platforms.ActiveCfg = Release|Any CPU
		{F89853F1-F72E-40D2-8461-F26B71A36BED}.Release|Mixed Platforms.Build.0 = Release|Any CPU
		{F89853F1-F72E-40D2-8461-F26B71A36BED}.Release|x86.ActiveCfg = Release|Any CPU
		{119A48E7-72EC-4CCE-8954-18034F66FBB4}.Debug|Any CPU.ActiveCfg = Debug|Any CPU
		{119A48E7-72EC-4CCE-8954-18034F66FBB4}.Debug|Any CPU.Build.0 = Debug|Any CPU
		{119A48E7-72EC-4CCE-8954-18034F66FBB4}.Debug|Mixed Platforms.ActiveCfg = Debug|Any CPU
		{119A48E7-72EC-4CCE-8954-18034F66FBB4}.Debug|Mixed Platforms.Build.0 = Debug|Any CPU
		{119A48E7-72EC-4CCE-8954-18034F66FBB4}.Debug|x86.ActiveCfg = Debug|Any CPU
		{119A48E7-72EC-4CCE-8954-18034F66FBB4}.Release|Any CPU.ActiveCfg = Release|Any CPU
		{119A48E7-72EC-4CCE-8954-18034F66FBB4}.Release|Any CPU.Build.0 = Release|Any CPU
		{119A48E7-72EC-4CCE-8954-18034F66FBB4}.Release|Mixed Platforms.ActiveCfg = Release|Any CPU
		{119A48E7-72EC-4CCE-8954-18034F66FBB4}.Release|Mixed Platforms.Build.0 = Release|Any CPU
		{119A48E7-72EC-4CCE-8954-18034F66FBB4}.Release|x86.ActiveCfg = Release|Any CPU
	EndGlobalSection
	GlobalSection(SolutionProperties) = preSolution
		HideSolutionNode = FALSE
	EndGlobalSection
EndGlobal
